
Microsoft Visual Studio Solution File, Format Version 12.00
# Visual Studio Version 17
VisualStudioVersion = 17.13.35825.156
MinimumVisualStudioVersion = 10.0.40219.1
Project("{FAE04EC0-301F-11D3-BF4B-00C04F79EFBC}") = "Ex7", "Ex7\Ex7.csproj", "{E7174C16-5A08-4CF6-9904-ACCDBD106740}"
EndProject
Project("{FAE04EC0-301F-11D3-BF4B-00C04F79EFBC}") = "Ex8", "Ex8\Ex8.csproj", "{F6C1C114-F58B-4C91-B963-BB99844FAE58}"
EndProject
Project("{FAE04EC0-301F-11D3-BF4B-00C04F79EFBC}") = "Ex9", "Ex9\Ex9.csproj", "{619009E9-2260-4AEC-BCF7-BDAA25A37D80}"
EndProject
Global
	GlobalSection(SolutionConfigurationPlatforms) = preSolution
		Debug|Any CPU = Debug|Any CPU
		Release|Any CPU = Release|Any CPU
	EndGlobalSection
	GlobalSection(ProjectConfigurationPlatforms) = postSolution
		{E7174C16-5A08-4CF6-9904-ACCDBD106740}.Debug|Any CPU.ActiveCfg = Debug|Any CPU
		{E7174C16-5A08-4CF6-9904-ACCDBD106740}.Debug|Any CPU.Build.0 = Debug|Any CPU
		{E7174C16-5A08-4CF6-9904-ACCDBD106740}.Release|Any CPU.ActiveCfg = Release|Any CPU
		{E7174C16-5A08-4CF6-9904-ACCDBD106740}.Release|Any CPU.Build.0 = Release|Any CPU
		{F6C1C114-F58B-4C91-B963-BB99844FAE58}.Debug|Any CPU.ActiveCfg = Debug|Any CPU
		{F6C1C114-F58B-4C91-B963-BB99844FAE58}.Debug|Any CPU.Build.0 = Debug|Any CPU
		{F6C1C114-F58B-4C91-B963-BB99844FAE58}.Release|Any CPU.ActiveCfg = Release|Any CPU
		{F6C1C114-F58B-4C91-B963-BB99844FAE58}.Release|Any CPU.Build.0 = Release|Any CPU
		{619009E9-2260-4AEC-BCF7-BDAA25A37D80}.Debug|Any CPU.ActiveCfg = Debug|Any CPU
		{619009E9-2260-4AEC-BCF7-BDAA25A37D80}.Debug|Any CPU.Build.0 = Debug|Any CPU
		{619009E9-2260-4AEC-BCF7-BDAA25A37D80}.Release|Any CPU.ActiveCfg = Release|Any CPU
		{619009E9-2260-4AEC-BCF7-BDAA25A37D80}.Release|Any CPU.Build.0 = Release|Any CPU
	EndGlobalSection
	GlobalSection(SolutionProperties) = preSolution
		HideSolutionNode = FALSE
	EndGlobalSection
	GlobalSection(ExtensibilityGlobals) = postSolution
		SolutionGuid = {D2E4C973-2FC6-4F98-B1E2-600648A28749}
	EndGlobalSection
EndGlobal
