
Microsoft Visual Studio Solution File, Format Version 12.00
# Visual Studio Version 17
VisualStudioVersion = 17.13.35825.156
MinimumVisualStudioVersion = 10.0.40219.1
Project("{FAE04EC0-301F-11D3-BF4B-00C04F79EFBC}") = "Ex5", "Ex5\Ex5.csproj", "{8BDECE03-36FE-42A5-B2CC-9F6B251B0549}"
EndProject
Project("{FAE04EC0-301F-11D3-BF4B-00C04F79EFBC}") = "Ex6", "Ex6\Ex6.csproj", "{5ADFCA20-FF56-40AA-9CF0-9A571F1794B5}"
EndProject
Project("{FAE04EC0-301F-11D3-BF4B-00C04F79EFBC}") = "Ex7", "Ex7\Ex7.csproj", "{46974179-D833-464F-B39B-0DF5E66AACF6}"
EndProject
Global
	GlobalSection(SolutionConfigurationPlatforms) = preSolution
		Debug|Any CPU = Debug|Any CPU
		Release|Any CPU = Release|Any CPU
	EndGlobalSection
	GlobalSection(ProjectConfigurationPlatforms) = postSolution
		{8BDECE03-36FE-42A5-B2CC-9F6B251B0549}.Debug|Any CPU.ActiveCfg = Debug|Any CPU
		{8BDECE03-36FE-42A5-B2CC-9F6B251B0549}.Debug|Any CPU.Build.0 = Debug|Any CPU
		{8BDECE03-36FE-42A5-B2CC-9F6B251B0549}.Release|Any CPU.ActiveCfg = Release|Any CPU
		{8BDECE03-36FE-42A5-B2CC-9F6B251B0549}.Release|Any CPU.Build.0 = Release|Any CPU
		{5ADFCA20-FF56-40AA-9CF0-9A571F1794B5}.Debug|Any CPU.ActiveCfg = Debug|Any CPU
		{5ADFCA20-FF56-40AA-9CF0-9A571F1794B5}.Debug|Any CPU.Build.0 = Debug|Any CPU
		{5ADFCA20-FF56-40AA-9CF0-9A571F1794B5}.Release|Any CPU.ActiveCfg = Release|Any CPU
		{5ADFCA20-FF56-40AA-9CF0-9A571F1794B5}.Release|Any CPU.Build.0 = Release|Any CPU
		{46974179-D833-464F-B39B-0DF5E66AACF6}.Debug|Any CPU.ActiveCfg = Debug|Any CPU
		{46974179-D833-464F-B39B-0DF5E66AACF6}.Debug|Any CPU.Build.0 = Debug|Any CPU
		{46974179-D833-464F-B39B-0DF5E66AACF6}.Release|Any CPU.ActiveCfg = Release|Any CPU
		{46974179-D833-464F-B39B-0DF5E66AACF6}.Release|Any CPU.Build.0 = Release|Any CPU
	EndGlobalSection
	GlobalSection(SolutionProperties) = preSolution
		HideSolutionNode = FALSE
	EndGlobalSection
	GlobalSection(ExtensibilityGlobals) = postSolution
		SolutionGuid = {D9B358DE-3B11-4B8F-BB8B-1089F0D98518}
	EndGlobalSection
EndGlobal
