
Microsoft Visual Studio Solution File, Format Version 12.00
# Visual Studio Version 17
VisualStudioVersion = 17.13.35825.156
MinimumVisualStudioVersion = 10.0.40219.1
Project("{FAE04EC0-301F-11D3-BF4B-00C04F79EFBC}") = "Ex5", "Ex5\Ex5.csproj", "{8BDECE03-36FE-42A5-B2CC-9F6B251B0549}"
EndProject
Project("{FAE04EC0-301F-11D3-BF4B-00C04F79EFBC}") = "Ex6", "Ex6\Ex6.csproj", "{5ADFCA20-FF56-40AA-9CF0-9A571F1794B5}"
EndProject
Project("{FAE04EC0-301F-11D3-BF4B-00C04F79EFBC}") = "Ex7", "Ex7\Ex7.csproj", "{46974179-D833-464F-B39B-0DF5E66AACF6}"
EndProject
Project("{FAE04EC0-301F-11D3-BF4B-00C04F79EFBC}") = "Ex8", "Ex8\Ex8.csproj", "{57E4DCAD-2C18-4488-B0A6-EC41321493A0}"
EndProject
Project("{FAE04EC0-301F-11D3-BF4B-00C04F79EFBC}") = "Ex9", "Ex9\Ex9.csproj", "{690D6004-0B91-4873-94C4-FB7D986F6506}"
EndProject
Project("{FAE04EC0-301F-11D3-BF4B-00C04F79EFBC}") = "Ex10", "Ex10\Ex10.csproj", "{79C91A7E-26A7-45F5-9F8C-50E07D5BF2A2}"
EndProject
Project("{FAE04EC0-301F-11D3-BF4B-00C04F79EFBC}") = "Ex11", "Ex11\Ex11.csproj", "{EB614D02-598F-46C7-894E-146890725BF2}"
EndProject
Project("{FAE04EC0-301F-11D3-BF4B-00C04F79EFBC}") = "Ex12", "Ex12\Ex12.csproj", "{C8D698E7-7439-46FF-AA37-E23B23BA2628}"
EndProject
Project("{FAE04EC0-301F-11D3-BF4B-00C04F79EFBC}") = "Ex13", "Ex13\Ex13.csproj", "{32235243-D886-420C-BC1C-E3005D0D3C2A}"
EndProject
Project("{FAE04EC0-301F-11D3-BF4B-00C04F79EFBC}") = "Ex14", "Ex14\Ex14.csproj", "{C543727C-37C6-473E-807A-8B9BCE8145E8}"
EndProject
Global
	GlobalSection(SolutionConfigurationPlatforms) = preSolution
		Debug|Any CPU = Debug|Any CPU
		Release|Any CPU = Release|Any CPU
	EndGlobalSection
	GlobalSection(ProjectConfigurationPlatforms) = postSolution
		{8BDECE03-36FE-42A5-B2CC-9F6B251B0549}.Debug|Any CPU.ActiveCfg = Debug|Any CPU
		{8BDECE03-36FE-42A5-B2CC-9F6B251B0549}.Debug|Any CPU.Build.0 = Debug|Any CPU
		{8BDECE03-36FE-42A5-B2CC-9F6B251B0549}.Release|Any CPU.ActiveCfg = Release|Any CPU
		{8BDECE03-36FE-42A5-B2CC-9F6B251B0549}.Release|Any CPU.Build.0 = Release|Any CPU
		{5ADFCA20-FF56-40AA-9CF0-9A571F1794B5}.Debug|Any CPU.ActiveCfg = Debug|Any CPU
		{5ADFCA20-FF56-40AA-9CF0-9A571F1794B5}.Debug|Any CPU.Build.0 = Debug|Any CPU
		{5ADFCA20-FF56-40AA-9CF0-9A571F1794B5}.Release|Any CPU.ActiveCfg = Release|Any CPU
		{5ADFCA20-FF56-40AA-9CF0-9A571F1794B5}.Release|Any CPU.Build.0 = Release|Any CPU
		{46974179-D833-464F-B39B-0DF5E66AACF6}.Debug|Any CPU.ActiveCfg = Debug|Any CPU
		{46974179-D833-464F-B39B-0DF5E66AACF6}.Debug|Any CPU.Build.0 = Debug|Any CPU
		{46974179-D833-464F-B39B-0DF5E66AACF6}.Release|Any CPU.ActiveCfg = Release|Any CPU
		{46974179-D833-464F-B39B-0DF5E66AACF6}.Release|Any CPU.Build.0 = Release|Any CPU
		{57E4DCAD-2C18-4488-B0A6-EC41321493A0}.Debug|Any CPU.ActiveCfg = Debug|Any CPU
		{57E4DCAD-2C18-4488-B0A6-EC41321493A0}.Debug|Any CPU.Build.0 = Debug|Any CPU
		{57E4DCAD-2C18-4488-B0A6-EC41321493A0}.Release|Any CPU.ActiveCfg = Release|Any CPU
		{57E4DCAD-2C18-4488-B0A6-EC41321493A0}.Release|Any CPU.Build.0 = Release|Any CPU
		{690D6004-0B91-4873-94C4-FB7D986F6506}.Debug|Any CPU.ActiveCfg = Debug|Any CPU
		{690D6004-0B91-4873-94C4-FB7D986F6506}.Debug|Any CPU.Build.0 = Debug|Any CPU
		{690D6004-0B91-4873-94C4-FB7D986F6506}.Release|Any CPU.ActiveCfg = Release|Any CPU
		{690D6004-0B91-4873-94C4-FB7D986F6506}.Release|Any CPU.Build.0 = Release|Any CPU
		{79C91A7E-26A7-45F5-9F8C-50E07D5BF2A2}.Debug|Any CPU.ActiveCfg = Debug|Any CPU
		{79C91A7E-26A7-45F5-9F8C-50E07D5BF2A2}.Debug|Any CPU.Build.0 = Debug|Any CPU
		{79C91A7E-26A7-45F5-9F8C-50E07D5BF2A2}.Release|Any CPU.ActiveCfg = Release|Any CPU
		{79C91A7E-26A7-45F5-9F8C-50E07D5BF2A2}.Release|Any CPU.Build.0 = Release|Any CPU
		{EB614D02-598F-46C7-894E-146890725BF2}.Debug|Any CPU.ActiveCfg = Debug|Any CPU
		{EB614D02-598F-46C7-894E-146890725BF2}.Debug|Any CPU.Build.0 = Debug|Any CPU
		{EB614D02-598F-46C7-894E-146890725BF2}.Release|Any CPU.ActiveCfg = Release|Any CPU
		{EB614D02-598F-46C7-894E-146890725BF2}.Release|Any CPU.Build.0 = Release|Any CPU
		{C8D698E7-7439-46FF-AA37-E23B23BA2628}.Debug|Any CPU.ActiveCfg = Debug|Any CPU
		{C8D698E7-7439-46FF-AA37-E23B23BA2628}.Debug|Any CPU.Build.0 = Debug|Any CPU
		{C8D698E7-7439-46FF-AA37-E23B23BA2628}.Release|Any CPU.ActiveCfg = Release|Any CPU
		{C8D698E7-7439-46FF-AA37-E23B23BA2628}.Release|Any CPU.Build.0 = Release|Any CPU
		{32235243-D886-420C-BC1C-E3005D0D3C2A}.Debug|Any CPU.ActiveCfg = Debug|Any CPU
		{32235243-D886-420C-BC1C-E3005D0D3C2A}.Debug|Any CPU.Build.0 = Debug|Any CPU
		{32235243-D886-420C-BC1C-E3005D0D3C2A}.Release|Any CPU.ActiveCfg = Release|Any CPU
		{32235243-D886-420C-BC1C-E3005D0D3C2A}.Release|Any CPU.Build.0 = Release|Any CPU
		{C543727C-37C6-473E-807A-8B9BCE8145E8}.Debug|Any CPU.ActiveCfg = Debug|Any CPU
		{C543727C-37C6-473E-807A-8B9BCE8145E8}.Debug|Any CPU.Build.0 = Debug|Any CPU
		{C543727C-37C6-473E-807A-8B9BCE8145E8}.Release|Any CPU.ActiveCfg = Release|Any CPU
		{C543727C-37C6-473E-807A-8B9BCE8145E8}.Release|Any CPU.Build.0 = Release|Any CPU
	EndGlobalSection
	GlobalSection(SolutionProperties) = preSolution
		HideSolutionNode = FALSE
	EndGlobalSection
	GlobalSection(ExtensibilityGlobals) = postSolution
		SolutionGuid = {D9B358DE-3B11-4B8F-BB8B-1089F0D98518}
	EndGlobalSection
EndGlobal
