
Microsoft Visual Studio Solution File, Format Version 12.00
# Visual Studio Version 17
VisualStudioVersion = 17.13.35825.156
MinimumVisualStudioVersion = 10.0.40219.1
Project("{FAE04EC0-301F-11D3-BF4B-00C04F79EFBC}") = "Ex5", "Ex5\Ex5.csproj", "{8BDECE03-36FE-42A5-B2CC-9F6B251B0549}"
EndProject
Project("{FAE04EC0-301F-11D3-BF4B-00C04F79EFBC}") = "Ex6", "Ex6\Ex6.csproj", "{5ADFCA20-FF56-40AA-9CF0-9A571F1794B5}"
EndProject
Project("{FAE04EC0-301F-11D3-BF4B-00C04F79EFBC}") = "Ex7", "Ex7\Ex7.csproj", "{46974179-D833-464F-B39B-0DF5E66AACF6}"
EndProject
Project("{FAE04EC0-301F-11D3-BF4B-00C04F79EFBC}") = "Ex8", "Ex8\Ex8.csproj", "{57E4DCAD-2C18-4488-B0A6-EC41321493A0}"
EndProject
Project("{FAE04EC0-301F-11D3-BF4B-00C04F79EFBC}") = "Ex9", "Ex9\Ex9.csproj", "{690D6004-0B91-4873-94C4-FB7D986F6506}"
EndProject
Project("{FAE04EC0-301F-11D3-BF4B-00C04F79EFBC}") = "Ex10", "Ex10\Ex10.csproj", "{79C91A7E-26A7-45F5-9F8C-50E07D5BF2A2}"
EndProject
Project("{FAE04EC0-301F-11D3-BF4B-00C04F79EFBC}") = "Ex11", "Ex11\Ex11.csproj", "{EB614D02-598F-46C7-894E-146890725BF2}"
EndProject
Project("{FAE04EC0-301F-11D3-BF4B-00C04F79EFBC}") = "Ex12", "Ex12\Ex12.csproj", "{C8D698E7-7439-46FF-AA37-E23B23BA2628}"
EndProject
Project("{FAE04EC0-301F-11D3-BF4B-00C04F79EFBC}") = "Ex13", "Ex13\Ex13.csproj", "{32235243-D886-420C-BC1C-E3005D0D3C2A}"
EndProject
Project("{FAE04EC0-301F-11D3-BF4B-00C04F79EFBC}") = "Ex14", "Ex14\Ex14.csproj", "{C543727C-37C6-473E-807A-8B9BCE8145E8}"
EndProject
Project("{FAE04EC0-301F-11D3-BF4B-00C04F79EFBC}") = "Ex15", "Ex15\Ex15.csproj", "{7BFA8086-EB9E-41D2-AEA7-919F171BD341}"
EndProject
Project("{FAE04EC0-301F-11D3-BF4B-00C04F79EFBC}") = "Ex16", "Ex16\Ex16.csproj", "{03D25A6B-52FB-4F54-B5B0-695665CB6943}"
EndProject
Project("{FAE04EC0-301F-11D3-BF4B-00C04F79EFBC}") = "Ex17", "Ex17\Ex17.csproj", "{2500F658-18B6-403A-BC78-B2DC4A0EAE71}"
EndProject
Project("{FAE04EC0-301F-11D3-BF4B-00C04F79EFBC}") = "Ex18", "Ex18\Ex18.csproj", "{21F185C0-C06F-40BF-9362-A094B1B872DE}"
EndProject
Project("{FAE04EC0-301F-11D3-BF4B-00C04F79EFBC}") = "Ex19", "Ex19\Ex19.csproj", "{4D804049-24A4-4DFA-AC3B-148EC343C948}"
EndProject
Project("{FAE04EC0-301F-11D3-BF4B-00C04F79EFBC}") = "Ex20", "Ex20\Ex20.csproj", "{607AA1F0-7750-48E5-95AE-579569E3DE68}"
EndProject
Project("{FAE04EC0-301F-11D3-BF4B-00C04F79EFBC}") = "Ex21", "Ex21\Ex21.csproj", "{FCD841A2-8898-4C76-B2C2-362E2B1E96E4}"
EndProject
Project("{FAE04EC0-301F-11D3-BF4B-00C04F79EFBC}") = "Ex22", "Ex22\Ex22.csproj", "{7885CA5B-C506-4A63-A657-F6F794AB2DEC}"
EndProject
Project("{FAE04EC0-301F-11D3-BF4B-00C04F79EFBC}") = "Ex23", "Ex23\Ex23.csproj", "{6E8DAB2F-F8EC-4D67-A21D-13E41A3BEB77}"
EndProject
Project("{FAE04EC0-301F-11D3-BF4B-00C04F79EFBC}") = "Ex24", "Ex24\Ex24.csproj", "{1C9F4E1A-97D0-43A1-B789-AB4CBC7EF7E2}"
EndProject
Project("{FAE04EC0-301F-11D3-BF4B-00C04F79EFBC}") = "Ex25", "Ex25\Ex25.csproj", "{377A4F1F-FB3F-416F-AE18-E9E601C562BF}"
EndProject
Global
	GlobalSection(SolutionConfigurationPlatforms) = preSolution
		Debug|Any CPU = Debug|Any CPU
		Release|Any CPU = Release|Any CPU
	EndGlobalSection
	GlobalSection(ProjectConfigurationPlatforms) = postSolution
		{8BDECE03-36FE-42A5-B2CC-9F6B251B0549}.Debug|Any CPU.ActiveCfg = Debug|Any CPU
		{8BDECE03-36FE-42A5-B2CC-9F6B251B0549}.Debug|Any CPU.Build.0 = Debug|Any CPU
		{8BDECE03-36FE-42A5-B2CC-9F6B251B0549}.Release|Any CPU.ActiveCfg = Release|Any CPU
		{8BDECE03-36FE-42A5-B2CC-9F6B251B0549}.Release|Any CPU.Build.0 = Release|Any CPU
		{5ADFCA20-FF56-40AA-9CF0-9A571F1794B5}.Debug|Any CPU.ActiveCfg = Debug|Any CPU
		{5ADFCA20-FF56-40AA-9CF0-9A571F1794B5}.Debug|Any CPU.Build.0 = Debug|Any CPU
		{5ADFCA20-FF56-40AA-9CF0-9A571F1794B5}.Release|Any CPU.ActiveCfg = Release|Any CPU
		{5ADFCA20-FF56-40AA-9CF0-9A571F1794B5}.Release|Any CPU.Build.0 = Release|Any CPU
		{46974179-D833-464F-B39B-0DF5E66AACF6}.Debug|Any CPU.ActiveCfg = Debug|Any CPU
		{46974179-D833-464F-B39B-0DF5E66AACF6}.Debug|Any CPU.Build.0 = Debug|Any CPU
		{46974179-D833-464F-B39B-0DF5E66AACF6}.Release|Any CPU.ActiveCfg = Release|Any CPU
		{46974179-D833-464F-B39B-0DF5E66AACF6}.Release|Any CPU.Build.0 = Release|Any CPU
		{57E4DCAD-2C18-4488-B0A6-EC41321493A0}.Debug|Any CPU.ActiveCfg = Debug|Any CPU
		{57E4DCAD-2C18-4488-B0A6-EC41321493A0}.Debug|Any CPU.Build.0 = Debug|Any CPU
		{57E4DCAD-2C18-4488-B0A6-EC41321493A0}.Release|Any CPU.ActiveCfg = Release|Any CPU
		{57E4DCAD-2C18-4488-B0A6-EC41321493A0}.Release|Any CPU.Build.0 = Release|Any CPU
		{690D6004-0B91-4873-94C4-FB7D986F6506}.Debug|Any CPU.ActiveCfg = Debug|Any CPU
		{690D6004-0B91-4873-94C4-FB7D986F6506}.Debug|Any CPU.Build.0 = Debug|Any CPU
		{690D6004-0B91-4873-94C4-FB7D986F6506}.Release|Any CPU.ActiveCfg = Release|Any CPU
		{690D6004-0B91-4873-94C4-FB7D986F6506}.Release|Any CPU.Build.0 = Release|Any CPU
		{79C91A7E-26A7-45F5-9F8C-50E07D5BF2A2}.Debug|Any CPU.ActiveCfg = Debug|Any CPU
		{79C91A7E-26A7-45F5-9F8C-50E07D5BF2A2}.Debug|Any CPU.Build.0 = Debug|Any CPU
		{79C91A7E-26A7-45F5-9F8C-50E07D5BF2A2}.Release|Any CPU.ActiveCfg = Release|Any CPU
		{79C91A7E-26A7-45F5-9F8C-50E07D5BF2A2}.Release|Any CPU.Build.0 = Release|Any CPU
		{EB614D02-598F-46C7-894E-146890725BF2}.Debug|Any CPU.ActiveCfg = Debug|Any CPU
		{EB614D02-598F-46C7-894E-146890725BF2}.Debug|Any CPU.Build.0 = Debug|Any CPU
		{EB614D02-598F-46C7-894E-146890725BF2}.Release|Any CPU.ActiveCfg = Release|Any CPU
		{EB614D02-598F-46C7-894E-146890725BF2}.Release|Any CPU.Build.0 = Release|Any CPU
		{C8D698E7-7439-46FF-AA37-E23B23BA2628}.Debug|Any CPU.ActiveCfg = Debug|Any CPU
		{C8D698E7-7439-46FF-AA37-E23B23BA2628}.Debug|Any CPU.Build.0 = Debug|Any CPU
		{C8D698E7-7439-46FF-AA37-E23B23BA2628}.Release|Any CPU.ActiveCfg = Release|Any CPU
		{C8D698E7-7439-46FF-AA37-E23B23BA2628}.Release|Any CPU.Build.0 = Release|Any CPU
		{32235243-D886-420C-BC1C-E3005D0D3C2A}.Debug|Any CPU.ActiveCfg = Debug|Any CPU
		{32235243-D886-420C-BC1C-E3005D0D3C2A}.Debug|Any CPU.Build.0 = Debug|Any CPU
		{32235243-D886-420C-BC1C-E3005D0D3C2A}.Release|Any CPU.ActiveCfg = Release|Any CPU
		{32235243-D886-420C-BC1C-E3005D0D3C2A}.Release|Any CPU.Build.0 = Release|Any CPU
		{C543727C-37C6-473E-807A-8B9BCE8145E8}.Debug|Any CPU.ActiveCfg = Debug|Any CPU
		{C543727C-37C6-473E-807A-8B9BCE8145E8}.Debug|Any CPU.Build.0 = Debug|Any CPU
		{C543727C-37C6-473E-807A-8B9BCE8145E8}.Release|Any CPU.ActiveCfg = Release|Any CPU
		{C543727C-37C6-473E-807A-8B9BCE8145E8}.Release|Any CPU.Build.0 = Release|Any CPU
		{7BFA8086-EB9E-41D2-AEA7-919F171BD341}.Debug|Any CPU.ActiveCfg = Debug|Any CPU
		{7BFA8086-EB9E-41D2-AEA7-919F171BD341}.Debug|Any CPU.Build.0 = Debug|Any CPU
		{7BFA8086-EB9E-41D2-AEA7-919F171BD341}.Release|Any CPU.ActiveCfg = Release|Any CPU
		{7BFA8086-EB9E-41D2-AEA7-919F171BD341}.Release|Any CPU.Build.0 = Release|Any CPU
		{03D25A6B-52FB-4F54-B5B0-695665CB6943}.Debug|Any CPU.ActiveCfg = Debug|Any CPU
		{03D25A6B-52FB-4F54-B5B0-695665CB6943}.Debug|Any CPU.Build.0 = Debug|Any CPU
		{03D25A6B-52FB-4F54-B5B0-695665CB6943}.Release|Any CPU.ActiveCfg = Release|Any CPU
		{03D25A6B-52FB-4F54-B5B0-695665CB6943}.Release|Any CPU.Build.0 = Release|Any CPU
		{2500F658-18B6-403A-BC78-B2DC4A0EAE71}.Debug|Any CPU.ActiveCfg = Debug|Any CPU
		{2500F658-18B6-403A-BC78-B2DC4A0EAE71}.Debug|Any CPU.Build.0 = Debug|Any CPU
		{2500F658-18B6-403A-BC78-B2DC4A0EAE71}.Release|Any CPU.ActiveCfg = Release|Any CPU
		{2500F658-18B6-403A-BC78-B2DC4A0EAE71}.Release|Any CPU.Build.0 = Release|Any CPU
		{21F185C0-C06F-40BF-9362-A094B1B872DE}.Debug|Any CPU.ActiveCfg = Debug|Any CPU
		{21F185C0-C06F-40BF-9362-A094B1B872DE}.Debug|Any CPU.Build.0 = Debug|Any CPU
		{21F185C0-C06F-40BF-9362-A094B1B872DE}.Release|Any CPU.ActiveCfg = Release|Any CPU
		{21F185C0-C06F-40BF-9362-A094B1B872DE}.Release|Any CPU.Build.0 = Release|Any CPU
		{4D804049-24A4-4DFA-AC3B-148EC343C948}.Debug|Any CPU.ActiveCfg = Debug|Any CPU
		{4D804049-24A4-4DFA-AC3B-148EC343C948}.Debug|Any CPU.Build.0 = Debug|Any CPU
		{4D804049-24A4-4DFA-AC3B-148EC343C948}.Release|Any CPU.ActiveCfg = Release|Any CPU
		{4D804049-24A4-4DFA-AC3B-148EC343C948}.Release|Any CPU.Build.0 = Release|Any CPU
		{607AA1F0-7750-48E5-95AE-579569E3DE68}.Debug|Any CPU.ActiveCfg = Debug|Any CPU
		{607AA1F0-7750-48E5-95AE-579569E3DE68}.Debug|Any CPU.Build.0 = Debug|Any CPU
		{607AA1F0-7750-48E5-95AE-579569E3DE68}.Release|Any CPU.ActiveCfg = Release|Any CPU
		{607AA1F0-7750-48E5-95AE-579569E3DE68}.Release|Any CPU.Build.0 = Release|Any CPU
		{FCD841A2-8898-4C76-B2C2-362E2B1E96E4}.Debug|Any CPU.ActiveCfg = Debug|Any CPU
		{FCD841A2-8898-4C76-B2C2-362E2B1E96E4}.Debug|Any CPU.Build.0 = Debug|Any CPU
		{FCD841A2-8898-4C76-B2C2-362E2B1E96E4}.Release|Any CPU.ActiveCfg = Release|Any CPU
		{FCD841A2-8898-4C76-B2C2-362E2B1E96E4}.Release|Any CPU.Build.0 = Release|Any CPU
		{7885CA5B-C506-4A63-A657-F6F794AB2DEC}.Debug|Any CPU.ActiveCfg = Debug|Any CPU
		{7885CA5B-C506-4A63-A657-F6F794AB2DEC}.Debug|Any CPU.Build.0 = Debug|Any CPU
		{7885CA5B-C506-4A63-A657-F6F794AB2DEC}.Release|Any CPU.ActiveCfg = Release|Any CPU
		{7885CA5B-C506-4A63-A657-F6F794AB2DEC}.Release|Any CPU.Build.0 = Release|Any CPU
		{6E8DAB2F-F8EC-4D67-A21D-13E41A3BEB77}.Debug|Any CPU.ActiveCfg = Debug|Any CPU
		{6E8DAB2F-F8EC-4D67-A21D-13E41A3BEB77}.Debug|Any CPU.Build.0 = Debug|Any CPU
		{6E8DAB2F-F8EC-4D67-A21D-13E41A3BEB77}.Release|Any CPU.ActiveCfg = Release|Any CPU
		{6E8DAB2F-F8EC-4D67-A21D-13E41A3BEB77}.Release|Any CPU.Build.0 = Release|Any CPU
		{1C9F4E1A-97D0-43A1-B789-AB4CBC7EF7E2}.Debug|Any CPU.ActiveCfg = Debug|Any CPU
		{1C9F4E1A-97D0-43A1-B789-AB4CBC7EF7E2}.Debug|Any CPU.Build.0 = Debug|Any CPU
		{1C9F4E1A-97D0-43A1-B789-AB4CBC7EF7E2}.Release|Any CPU.ActiveCfg = Release|Any CPU
		{1C9F4E1A-97D0-43A1-B789-AB4CBC7EF7E2}.Release|Any CPU.Build.0 = Release|Any CPU
		{377A4F1F-FB3F-416F-AE18-E9E601C562BF}.Debug|Any CPU.ActiveCfg = Debug|Any CPU
		{377A4F1F-FB3F-416F-AE18-E9E601C562BF}.Debug|Any CPU.Build.0 = Debug|Any CPU
		{377A4F1F-FB3F-416F-AE18-E9E601C562BF}.Release|Any CPU.ActiveCfg = Release|Any CPU
		{377A4F1F-FB3F-416F-AE18-E9E601C562BF}.Release|Any CPU.Build.0 = Release|Any CPU
	EndGlobalSection
	GlobalSection(SolutionProperties) = preSolution
		HideSolutionNode = FALSE
	EndGlobalSection
	GlobalSection(ExtensibilityGlobals) = postSolution
		SolutionGuid = {D9B358DE-3B11-4B8F-BB8B-1089F0D98518}
	EndGlobalSection
EndGlobal
